
Microsoft Visual Studio Solution File, Format Version 12.00
# Visual Studio Version 16
VisualStudioVersion = 16.0.29230.47
MinimumVisualStudioVersion = 10.0.40219.1
Project("{9A19103F-16F7-4668-BE54-9A1E7A4F7556}") = "EatCode.Api", "EatCode.Api\EatCode.Api.csproj", "{D52BED19-A864-4725-BD7B-5294AF246FE6}"
EndProject
Project("{9A19103F-16F7-4668-BE54-9A1E7A4F7556}") = "Models", "Models\Models.csproj", "{FAC2011D-1403-4F3A-9D81-E1B10876962E}"
EndProject
Project("{9A19103F-16F7-4668-BE54-9A1E7A4F7556}") = "Settings", "Settings\Settings.csproj", "{63AF6F68-3BD1-4E85-A27C-B2AEAF575A57}"
EndProject
Project("{9A19103F-16F7-4668-BE54-9A1E7A4F7556}") = "HF.Run", "HF.Run\HF.Run.csproj", "{A13A44B4-7BA7-4122-93EE-33AD03B3648C}"
EndProject
Project("{2150E333-8FDC-42A3-9474-1A3956D46DE8}") = "EatCode.DL", "EatCode.DL", "{DE52E854-4025-41AF-8784-492224E5078F}"
EndProject
Project("{9A19103F-16F7-4668-BE54-9A1E7A4F7556}") = "Redis.Stack", "Redis.Stack\Redis.Stack.csproj", "{6F3E8FA2-F962-4063-9D93-7D208B262859}"
EndProject
Project("{9A19103F-16F7-4668-BE54-9A1E7A4F7556}") = "EatCode.SignalR", "EatCode.SignalR\EatCode.SignalR.csproj", "{189C2DA5-D725-4A0B-9538-08B34E97C9F2}"
EndProject
Project("{9A19103F-16F7-4668-BE54-9A1E7A4F7556}") = "MongoDB.Stack", "MongoDB.Stack\MongoDB.Stack.csproj", "{05C38AA2-873D-435F-83F5-1B9468605C56}"
EndProject
Project("{9A19103F-16F7-4668-BE54-9A1E7A4F7556}") = "Neo.Stack", "Neo.Stack\Neo.Stack.csproj", "{B9231504-0953-406C-A817-A938632FFBB9}"
EndProject
Global
	GlobalSection(SolutionConfigurationPlatforms) = preSolution
		Debug|Any CPU = Debug|Any CPU
		Release|Any CPU = Release|Any CPU
	EndGlobalSection
	GlobalSection(ProjectConfigurationPlatforms) = postSolution
		{D52BED19-A864-4725-BD7B-5294AF246FE6}.Debug|Any CPU.ActiveCfg = Debug|Any CPU
		{D52BED19-A864-4725-BD7B-5294AF246FE6}.Debug|Any CPU.Build.0 = Debug|Any CPU
		{D52BED19-A864-4725-BD7B-5294AF246FE6}.Release|Any CPU.ActiveCfg = Release|Any CPU
		{D52BED19-A864-4725-BD7B-5294AF246FE6}.Release|Any CPU.Build.0 = Release|Any CPU
		{FAC2011D-1403-4F3A-9D81-E1B10876962E}.Debug|Any CPU.ActiveCfg = Debug|Any CPU
		{FAC2011D-1403-4F3A-9D81-E1B10876962E}.Debug|Any CPU.Build.0 = Debug|Any CPU
		{FAC2011D-1403-4F3A-9D81-E1B10876962E}.Release|Any CPU.ActiveCfg = Release|Any CPU
		{FAC2011D-1403-4F3A-9D81-E1B10876962E}.Release|Any CPU.Build.0 = Release|Any CPU
		{63AF6F68-3BD1-4E85-A27C-B2AEAF575A57}.Debug|Any CPU.ActiveCfg = Debug|Any CPU
		{63AF6F68-3BD1-4E85-A27C-B2AEAF575A57}.Debug|Any CPU.Build.0 = Debug|Any CPU
		{63AF6F68-3BD1-4E85-A27C-B2AEAF575A57}.Release|Any CPU.ActiveCfg = Release|Any CPU
		{63AF6F68-3BD1-4E85-A27C-B2AEAF575A57}.Release|Any CPU.Build.0 = Release|Any CPU
		{A13A44B4-7BA7-4122-93EE-33AD03B3648C}.Debug|Any CPU.ActiveCfg = Debug|Any CPU
		{A13A44B4-7BA7-4122-93EE-33AD03B3648C}.Debug|Any CPU.Build.0 = Debug|Any CPU
		{A13A44B4-7BA7-4122-93EE-33AD03B3648C}.Release|Any CPU.ActiveCfg = Release|Any CPU
		{A13A44B4-7BA7-4122-93EE-33AD03B3648C}.Release|Any CPU.Build.0 = Release|Any CPU
		{6F3E8FA2-F962-4063-9D93-7D208B262859}.Debug|Any CPU.ActiveCfg = Debug|Any CPU
		{6F3E8FA2-F962-4063-9D93-7D208B262859}.Debug|Any CPU.Build.0 = Debug|Any CPU
		{6F3E8FA2-F962-4063-9D93-7D208B262859}.Release|Any CPU.ActiveCfg = Release|Any CPU
		{6F3E8FA2-F962-4063-9D93-7D208B262859}.Release|Any CPU.Build.0 = Release|Any CPU
		{189C2DA5-D725-4A0B-9538-08B34E97C9F2}.Debug|Any CPU.ActiveCfg = Debug|Any CPU
		{189C2DA5-D725-4A0B-9538-08B34E97C9F2}.Debug|Any CPU.Build.0 = Debug|Any CPU
		{189C2DA5-D725-4A0B-9538-08B34E97C9F2}.Release|Any CPU.ActiveCfg = Release|Any CPU
		{189C2DA5-D725-4A0B-9538-08B34E97C9F2}.Release|Any CPU.Build.0 = Release|Any CPU
		{05C38AA2-873D-435F-83F5-1B9468605C56}.Debug|Any CPU.ActiveCfg = Debug|Any CPU
		{05C38AA2-873D-435F-83F5-1B9468605C56}.Debug|Any CPU.Build.0 = Debug|Any CPU
		{05C38AA2-873D-435F-83F5-1B9468605C56}.Release|Any CPU.ActiveCfg = Release|Any CPU
		{05C38AA2-873D-435F-83F5-1B9468605C56}.Release|Any CPU.Build.0 = Release|Any CPU
		{B9231504-0953-406C-A817-A938632FFBB9}.Debug|Any CPU.ActiveCfg = Debug|Any CPU
		{B9231504-0953-406C-A817-A938632FFBB9}.Debug|Any CPU.Build.0 = Debug|Any CPU
		{B9231504-0953-406C-A817-A938632FFBB9}.Release|Any CPU.ActiveCfg = Release|Any CPU
		{B9231504-0953-406C-A817-A938632FFBB9}.Release|Any CPU.Build.0 = Release|Any CPU
	EndGlobalSection
	GlobalSection(SolutionProperties) = preSolution
		HideSolutionNode = FALSE
	EndGlobalSection
	GlobalSection(NestedProjects) = preSolution
		{6F3E8FA2-F962-4063-9D93-7D208B262859} = {DE52E854-4025-41AF-8784-492224E5078F}
		{05C38AA2-873D-435F-83F5-1B9468605C56} = {DE52E854-4025-41AF-8784-492224E5078F}
		{B9231504-0953-406C-A817-A938632FFBB9} = {DE52E854-4025-41AF-8784-492224E5078F}
	EndGlobalSection
	GlobalSection(ExtensibilityGlobals) = postSolution
		SolutionGuid = {0BCB45E0-7314-4CFB-856A-4A0E8B52FFDF}
	EndGlobalSection
EndGlobal
